
Microsoft Visual Studio Solution File, Format Version 12.00
# Visual Studio Version 17
VisualStudioVersion = 17.6.33801.468
MinimumVisualStudioVersion = 10.0.40219.1
Project("{8BC9CEB8-8B4A-11D0-8D11-00A0C91BC942}") = "DoAn_Final", "DoAn_Final.vcxproj", "{346B7255-6958-438A-BB61-900FA53E5320}"
EndProject
Global
	GlobalSection(SolutionConfigurationPlatforms) = preSolution
		Debug|x64 = Debug|x64
		Debug|x86 = Debug|x86
		Release|x64 = Release|x64
		Release|x86 = Release|x86
	EndGlobalSection
	GlobalSection(ProjectConfigurationPlatforms) = postSolution
		{346B7255-6958-438A-BB61-900FA53E5320}.Debug|x64.ActiveCfg = Debug|x64
		{346B7255-6958-438A-BB61-900FA53E5320}.Debug|x64.Build.0 = Debug|x64
		{346B7255-6958-438A-BB61-900FA53E5320}.Debug|x86.ActiveCfg = Debug|Win32
		{346B7255-6958-438A-BB61-900FA53E5320}.Release|x64.ActiveCfg = Release|x64
		{346B7255-6958-438A-BB61-900FA53E5320}.Release|x64.Build.0 = Release|x64
		{346B7255-6958-438A-BB61-900FA53E5320}.Release|x86.ActiveCfg = Release|Win32
		{346B7255-6958-438A-BB61-900FA53E5320}.Release|x86.Build.0 = Release|Win32
	EndGlobalSection
	GlobalSection(SolutionProperties) = preSolution
		HideSolutionNode = FALSE
	EndGlobalSection
	GlobalSection(ExtensibilityGlobals) = postSolution
		SolutionGuid = {1C792FA7-1E3A-4916-A76D-A8B34523B66B}
	EndGlobalSection
EndGlobal
